{
	"name": "@hugoalh/send-discord-webhook-ghaction",
	"version": "4.0.0-beta.1",
	"lockfileVersion": 1,
	"requires": true,
	"dependencies": {
		"@actions/core": {
			"version": "1.6.0",
			"resolved": "https://registry.npmjs.org/@actions/core/-/core-1.6.0.tgz",
			"integrity": "sha512-NB1UAZomZlCV/LmJqkLhNTqtKfFXJZAUPcfl/zqG7EfsQdeUJtaWO98SGbuQ3pydJ3fHl2CvI/51OKYlCYYcaw==",
			"requires": {
				"@actions/http-client": "^1.0.11"
			}
		},
		"@actions/http-client": {
			"version": "1.0.11",
			"resolved": "https://registry.npmjs.org/@actions/http-client/-/http-client-1.0.11.tgz",
			"integrity": "sha512-VRYHGQV1rqnROJqdMvGUbY/Kn8vriQe/F9HR2AlYHzmKuM/p3kjNuXhmdBfcVgsvRWTz5C5XW5xvndZrVBuAYg==",
			"requires": {
				"tunnel": "0.0.6"
			}
		},
		"@hugoalh/advanced-determine": {
			"version": "6.4.2",
			"resolved": "https://registry.npmjs.org/@hugoalh/advanced-determine/-/advanced-determine-6.4.2.tgz",
			"integrity": "sha512-jZByB46BW77crCewpTlZI1sj4OUYsFxHdqMy2Mu1WJN/Rr2cImQ/lB/mBRuRTwC6jHrcwuYoJcJEHE0csDobBQ==",
			"requires": {
				"@hugoalh/undefinish": "^1.0.4"
			}
		},
		"@hugoalh/more-method": {
			"version": "0.6.0",
			"resolved": "https://registry.npmjs.org/@hugoalh/more-method/-/more-method-0.6.0.tgz",
			"integrity": "sha512-LHNYePJWiXiTk8clo7QloSrmfK0JHb/S+rYQw/8ibbqI2V8CLq7otdUpc+wtcDLR9eaQlm0+/GfnE5s1180z5w==",
			"requires": {
				"@hugoalh/advanced-determine": "^6.4.1",
				"@hugoalh/repattern": "^0.5.4",
				"@hugoalh/undefinish": "^1.0.3",
				"ansi-regex": "^6.0.1",
				"char-regex": "^2.0.0",
				"emoji-regex": "^10.0.0",
				"is-fullwidth-code-point": "^4.0.0"
			}
		},
		"@hugoalh/repattern": {
			"version": "0.5.4",
			"resolved": "https://registry.npmjs.org/@hugoalh/repattern/-/repattern-0.5.4.tgz",
			"integrity": "sha512-mKO5tuH1No3jnlNIw305ZaA03VtJtjxqGAs3a28bWG3LW6lJBpiHNQsUB/IMsnoj62COhpSLWNbA1HUghfthpQ==",
			"requires": {
				"@hugoalh/advanced-determine": "^6.4.1"
			}
		},
		"@hugoalh/undefinish": {
			"version": "1.0.4",
			"resolved": "https://registry.npmjs.org/@hugoalh/undefinish/-/undefinish-1.0.4.tgz",
			"integrity": "sha512-y73kknqSPJIYffZdSx/nuVDTdqy47xdM4+T/D/YLD8WJlwQFgvkBsGFC/OKqm6ysPLGyVUra11Kpzsr5G0AHXw=="
		},
		"ajv": {
			"version": "8.8.1",
			"resolved": "https://registry.npmjs.org/ajv/-/ajv-8.8.1.tgz",
			"integrity": "sha512-6CiMNDrzv0ZR916u2T+iRunnD60uWmNn8SkdB44/6stVORUg0aAkWO7PkOhpCmjmW8f2I/G/xnowD66fxGyQJg==",
			"requires": {
				"fast-deep-equal": "^3.1.1",
				"json-schema-traverse": "^1.0.0",
				"require-from-string": "^2.0.2",
				"uri-js": "^4.2.2"
			}
		},
		"ajv-formats": {
			"version": "3.0.0-rc.0",
			"resolved": "https://registry.npmjs.org/ajv-formats/-/ajv-formats-3.0.0-rc.0.tgz",
			"integrity": "sha512-eyqaGv4OE7RMgW2GNujqwJZWFjOT4z0tQZTVnYiWtSDh9TFwD8CIsJ6ta065IblpZXcV3wFuy8y2gKFb1d0uPw==",
			"requires": {
				"ajv": "^8.0.0"
			}
		},
		"ajv-formats-draft2019": {
			"version": "1.6.1",
			"resolved": "https://registry.npmjs.org/ajv-formats-draft2019/-/ajv-formats-draft2019-1.6.1.tgz",
			"integrity": "sha512-JQPvavpkWDvIsBp2Z33UkYCtXCSpW4HD3tAZ+oL4iEFOk9obQZffx0yANwECt6vzr6ET+7HN5czRyqXbnq/u0Q==",
			"requires": {
				"punycode": "^2.1.1",
				"schemes": "^1.4.0",
				"smtp-address-parser": "^1.0.3",
				"uri-js": "^4.4.1"
			}
		},
		"ansi-regex": {
			"version": "6.0.1",
			"resolved": "https://registry.npmjs.org/ansi-regex/-/ansi-regex-6.0.1.tgz",
			"integrity": "sha512-n5M855fKb2SsfMIiFFoVrABHJC8QtHwVx+mHWP3QcEqBHYienj5dHSgjbxtC0WEZXYt4wcD6zrQElDPhFuZgfA=="
		},
		"asynckit": {
			"version": "0.4.0",
			"resolved": "https://registry.npmjs.org/asynckit/-/asynckit-0.4.0.tgz",
			"integrity": "sha1-x57Zf380y48robyXkLzDZkdLS3k="
		},
		"char-regex": {
			"version": "2.0.0",
			"resolved": "https://registry.npmjs.org/char-regex/-/char-regex-2.0.0.tgz",
			"integrity": "sha512-oGu2QekBMXgyQNWPDRQ001bjvDnZe4/zBTz37TMbiKz1NbNiyiH5hRkobe7npRN6GfbGbxMYFck/vQ1r9c1VMA=="
		},
		"combined-stream": {
			"version": "1.0.8",
			"resolved": "https://registry.npmjs.org/combined-stream/-/combined-stream-1.0.8.tgz",
			"integrity": "sha512-FQN4MRfuJeHf7cBbBMJFXhKSDq+2kAArBlmRBvcvFE5BB1HZKXtSFASDhdlz9zOYwxh8lDdnvmMOe/+5cdoEdg==",
			"requires": {
				"delayed-stream": "~1.0.0"
			}
		},
		"commander": {
			"version": "2.20.3",
			"resolved": "https://registry.npmjs.org/commander/-/commander-2.20.3.tgz",
			"integrity": "sha512-GpVkmM8vF2vQUkj2LvZmD35JxeJOLCwJ9cUkugyk2nuhbv3+mJvpLYYt+0+USMxE+oj+ey/lJEnhZw75x/OMcQ=="
		},
		"data-uri-to-buffer": {
			"version": "4.0.0",
			"resolved": "https://registry.npmjs.org/data-uri-to-buffer/-/data-uri-to-buffer-4.0.0.tgz",
			"integrity": "sha512-Vr3mLBA8qWmcuschSLAOogKgQ/Jwxulv3RNE4FXnYWRGujzrRWQI4m12fQqRkwX06C0KanhLr4hK+GydchZsaA=="
		},
		"delayed-stream": {
			"version": "1.0.0",
			"resolved": "https://registry.npmjs.org/delayed-stream/-/delayed-stream-1.0.0.tgz",
			"integrity": "sha1-3zrhmayt+31ECqrgsp4icrJOxhk="
		},
		"discontinuous-range": {
			"version": "1.0.0",
			"resolved": "https://registry.npmjs.org/discontinuous-range/-/discontinuous-range-1.0.0.tgz",
			"integrity": "sha1-44Mx8IRLukm5qctxx3FYWqsbxlo="
		},
		"emoji-regex": {
			"version": "10.0.0",
			"resolved": "https://registry.npmjs.org/emoji-regex/-/emoji-regex-10.0.0.tgz",
			"integrity": "sha512-KmJa8l6uHi1HrBI34udwlzZY1jOEuID/ft4d8BSSEdRyap7PwBEt910453PJa5MuGvxkLqlt4Uvhu7tttFHViw=="
		},
		"extend": {
			"version": "3.0.2",
			"resolved": "https://registry.npmjs.org/extend/-/extend-3.0.2.tgz",
			"integrity": "sha512-fjquC59cD7CyW6urNXK0FBufkZcoiGG80wTuPujX590cB5Ttln20E2UB4S/WARVqhXffZl2LNgS+gQdPIIim/g=="
		},
		"fast-deep-equal": {
			"version": "3.1.3",
			"resolved": "https://registry.npmjs.org/fast-deep-equal/-/fast-deep-equal-3.1.3.tgz",
			"integrity": "sha512-f3qQ9oQy9j2AhBe/H9VC91wLmKBCCU/gDOnKNAYG5hswO7BLKj09Hc5HYNz9cGI++xlpDCIgDaitVs03ATR84Q=="
		},
		"fetch-blob": {
			"version": "3.1.3",
			"resolved": "https://registry.npmjs.org/fetch-blob/-/fetch-blob-3.1.3.tgz",
			"integrity": "sha512-ax1Y5I9w+9+JiM+wdHkhBoxew+zG4AJ2SvAD1v1szpddUIiPERVGBxrMcB2ZqW0Y3PP8bOWYv2zqQq1Jp2kqUQ==",
			"requires": {
				"web-streams-polyfill": "^3.0.3"
			}
		},
		"form-data": {
			"version": "4.0.0",
			"resolved": "https://registry.npmjs.org/form-data/-/form-data-4.0.0.tgz",
			"integrity": "sha512-ETEklSGi5t0QMZuiXoA/Q6vcnxcLQP5vdugSpuAyi6SVGi2clPPp+xgEhuMaHC+zGgn31Kd235W35f7Hykkaww==",
			"requires": {
				"asynckit": "^0.4.0",
				"combined-stream": "^1.0.8",
				"mime-types": "^2.1.12"
			}
		},
		"formdata-polyfill": {
			"version": "4.0.10",
			"resolved": "https://registry.npmjs.org/formdata-polyfill/-/formdata-polyfill-4.0.10.tgz",
			"integrity": "sha512-buewHzMvYL29jdeQTVILecSaZKnt/RJWjoZCF5OW60Z67/GmSLBkOFM7qh1PI3zFNtJbaZL5eQu1vLfazOwj4g==",
			"requires": {
				"fetch-blob": "^3.1.2"
			}
		},
		"is-fullwidth-code-point": {
			"version": "4.0.0",
			"resolved": "https://registry.npmjs.org/is-fullwidth-code-point/-/is-fullwidth-code-point-4.0.0.tgz",
			"integrity": "sha512-O4L094N2/dZ7xqVdrXhh9r1KODPJpFms8B5sGdJLPy664AgvXsreZUyCQQNItZRDlYug4xStLjNp/sz3HvBowQ=="
		},
		"json-schema-traverse": {
			"version": "1.0.0",
			"resolved": "https://registry.npmjs.org/json-schema-traverse/-/json-schema-traverse-1.0.0.tgz",
			"integrity": "sha512-NM8/P9n3XjXhIZn1lLhkFaACTOURQXjWhV4BA/RnOv8xvgqtqpAX9IO4mRQxSx1Rlo4tqzeqb0sOlruaOy3dug=="
		},
		"mime-db": {
			"version": "1.50.0",
			"resolved": "https://registry.npmjs.org/mime-db/-/mime-db-1.50.0.tgz",
			"integrity": "sha512-9tMZCDlYHqeERXEHO9f/hKfNXhre5dK2eE/krIvUjZbS2KPcqGDfNShIWS1uW9XOTKQKqK6qbeOci18rbfW77A=="
		},
		"mime-types": {
			"version": "2.1.33",
			"resolved": "https://registry.npmjs.org/mime-types/-/mime-types-2.1.33.tgz",
			"integrity": "sha512-plLElXp7pRDd0bNZHw+nMd52vRYjLwQjygaNg7ddJ2uJtTlmnTCjWuPKxVu6//AdaRuME84SvLW91sIkBqGT0g==",
			"requires": {
				"mime-db": "1.50.0"
			}
		},
		"moo": {
			"version": "0.5.1",
			"resolved": "https://registry.npmjs.org/moo/-/moo-0.5.1.tgz",
			"integrity": "sha512-I1mnb5xn4fO80BH9BLcF0yLypy2UKl+Cb01Fu0hJRkJjlCRtxZMWkTdAtDd5ZqCOxtCkhmRwyI57vWT+1iZ67w=="
		},
		"nearley": {
			"version": "2.20.1",
			"resolved": "https://registry.npmjs.org/nearley/-/nearley-2.20.1.tgz",
			"integrity": "sha512-+Mc8UaAebFzgV+KpI5n7DasuuQCHA89dmwm7JXw3TV43ukfNQ9DnBH3Mdb2g/I4Fdxc26pwimBWvjIw0UAILSQ==",
			"requires": {
				"commander": "^2.19.0",
				"moo": "^0.5.0",
				"railroad-diagrams": "^1.0.0",
				"randexp": "0.4.6"
			}
		},
		"node-fetch": {
			"version": "3.1.0",
			"resolved": "https://registry.npmjs.org/node-fetch/-/node-fetch-3.1.0.tgz",
			"integrity": "sha512-QU0WbIfMUjd5+MUzQOYhenAazakV7Irh1SGkWCsRzBwvm4fAhzEUaHMJ6QLP7gWT6WO9/oH2zhKMMGMuIrDyKw==",
			"requires": {
				"data-uri-to-buffer": "^4.0.0",
				"fetch-blob": "^3.1.2",
				"formdata-polyfill": "^4.0.10"
			}
		},
		"punycode": {
			"version": "2.1.1",
			"resolved": "https://registry.npmjs.org/punycode/-/punycode-2.1.1.tgz",
			"integrity": "sha512-XRsRjdf+j5ml+y/6GKHPZbrF/8p2Yga0JPtdqTIY2Xe5ohJPD9saDJJLPvp9+NSBprVvevdXZybnj2cv8OEd0A=="
		},
		"railroad-diagrams": {
			"version": "1.0.0",
			"resolved": "https://registry.npmjs.org/railroad-diagrams/-/railroad-diagrams-1.0.0.tgz",
			"integrity": "sha1-635iZ1SN3t+4mcG5Dlc3RVnN234="
		},
		"randexp": {
			"version": "0.4.6",
			"resolved": "https://registry.npmjs.org/randexp/-/randexp-0.4.6.tgz",
			"integrity": "sha512-80WNmd9DA0tmZrw9qQa62GPPWfuXJknrmVmLcxvq4uZBdYqb1wYoKTmnlGUchvVWe0XiLupYkBoXVOxz3C8DYQ==",
			"requires": {
				"discontinuous-range": "1.0.0",
				"ret": "~0.1.10"
			}
		},
		"require-from-string": {
			"version": "2.0.2",
			"resolved": "https://registry.npmjs.org/require-from-string/-/require-from-string-2.0.2.tgz",
			"integrity": "sha512-Xf0nWe6RseziFMu+Ap9biiUbmplq6S9/p+7w7YXP/JBHhrUDDUhwa+vANyubuqfZWTveU//DYVGsDG7RKL/vEw=="
		},
		"ret": {
			"version": "0.1.15",
			"resolved": "https://registry.npmjs.org/ret/-/ret-0.1.15.tgz",
			"integrity": "sha512-TTlYpa+OL+vMMNG24xSlQGEJ3B/RzEfUlLct7b5G/ytav+wPrplCpVMFuwzXbkecJrb6IYo1iFb0S9v37754mg=="
		},
		"schemes": {
			"version": "1.4.0",
			"resolved": "https://registry.npmjs.org/schemes/-/schemes-1.4.0.tgz",
			"integrity": "sha512-ImFy9FbCsQlVgnE3TCWmLPCFnVzx0lHL/l+umHplDqAKd0dzFpnS6lFZIpagBlYhKwzVmlV36ec0Y1XTu8JBAQ==",
			"requires": {
				"extend": "^3.0.0"
			}
		},
		"smtp-address-parser": {
			"version": "1.0.7",
			"resolved": "https://registry.npmjs.org/smtp-address-parser/-/smtp-address-parser-1.0.7.tgz",
			"integrity": "sha512-QmmaQ99AtWTUtPXmUiwRXZN7IFLGS/SstKUyjsdqkQvGOwhTCMJw/Z+l9F3ImcZ5rLDj9y1mvwZ/+GAvMoa9Wg==",
			"requires": {
				"nearley": "^2.20.1"
			}
		},
		"tunnel": {
			"version": "0.0.6",
			"resolved": "https://registry.npmjs.org/tunnel/-/tunnel-0.0.6.tgz",
			"integrity": "sha512-1h/Lnq9yajKY2PEbBadPXj3VxsDDu844OnaAo52UVmIzIvwwtBPIuNvkjuzBlTWpfJyUbG3ez0KSBibQkj4ojg=="
		},
		"uri-js": {
			"version": "4.4.1",
			"resolved": "https://registry.npmjs.org/uri-js/-/uri-js-4.4.1.tgz",
			"integrity": "sha512-7rKUyy33Q1yc98pQ1DAmLtwX109F7TIfWlW1Ydo8Wl1ii1SeHieeh0HHfPeL2fMXK6z0s8ecKs9frCuLJvndBg==",
			"requires": {
				"punycode": "^2.1.0"
			}
		},
		"web-streams-polyfill": {
			"version": "3.2.0",
			"resolved": "https://registry.npmjs.org/web-streams-polyfill/-/web-streams-polyfill-3.2.0.tgz",
			"integrity": "sha512-EqPmREeOzttaLRm5HS7io98goBgZ7IVz79aDvqjD0kYXLtFZTc0T/U6wHTPKyIjb+MdN7DFIIX6hgdBEpWmfPA=="
		}
	}
}
