{
	"name": "githubaction.sendtodiscord",
	"version": "1.1.6",
	"lockfileVersion": 1,
	"requires": true,
	"dependencies": {
		"@actions/core": {
			"version": "1.2.4",
			"resolved": "https://registry.npmjs.org/@actions/core/-/core-1.2.4.tgz",
			"integrity": "sha512-YJCEq8BE3CdN8+7HPZ/4DxJjk/OkZV2FFIf+DlZTC/4iBlzYCD5yjRR6eiOS5llO11zbRltIRuKAjMKaWTE6cg=="
		},
		"@hugoalh/advanced-determine": {
			"version": "2.0.2",
			"resolved": "https://registry.npmjs.org/@hugoalh/advanced-determine/-/advanced-determine-2.0.2.tgz",
			"integrity": "sha512-MrAh+Rsu5ylUZs35nDwCx9rnGWffcMGxMF8raRzNV0Ko7mPXwVupDKy8W8TeDS6o57scg4HQgOie3XBV45vNag=="
		},
		"flat": {
			"version": "5.0.2",
			"resolved": "https://registry.npmjs.org/flat/-/flat-5.0.2.tgz",
			"integrity": "sha512-b6suED+5/3rTpUBdG1gupIl8MPFCAMA0QXwmljLhvCUKcUvdE4gWky9zpuGCcXHOsz4J9wPGNWq6OKpmIzz3hQ=="
		}
	}
}
