{
	"name": "@hugoalh/send-discord-webhook-ghaction",
	"version": "6.0.3",
	"lockfileVersion": 3,
	"requires": true,
	"packages": {
		"": {
			"name": "@hugoalh/send-discord-webhook-ghaction",
			"version": "6.0.3",
			"license": "MIT",
			"dependencies": {
				"@actions/core": "1.10.1",
				"@actions/glob": "0.4.0",
				"@hugoalh/is-json": "1.0.2",
				"@hugoalh/string-overflow": "2.0.3",
				"color": "4.2.3",
				"color-name-list": "10.22.0",
				"yaml": "2.4.2"
			},
			"devDependencies": {
				"@types/node": "20.14.9",
				"typescript": "^5.4.5"
			},
			"engines": {
				"node": "^20.9.0"
			}
		},
		"node_modules/@actions/core": {
			"version": "1.10.1",
			"resolved": "https://registry.npmjs.org/@actions/core/-/core-1.10.1.tgz",
			"integrity": "sha512-3lBR9EDAY+iYIpTnTIXmWcNbX3T2kCkAEQGIQx4NVQ0575nk2k3GRZDTPQG+vVtS2izSLmINlxXf0uLtnrTP+g==",
			"dependencies": {
				"@actions/http-client": "^2.0.1",
				"uuid": "^8.3.2"
			}
		},
		"node_modules/@actions/glob": {
			"version": "0.4.0",
			"resolved": "https://registry.npmjs.org/@actions/glob/-/glob-0.4.0.tgz",
			"integrity": "sha512-+eKIGFhsFa4EBwaf/GMyzCdWrXWymGXfFmZU3FHQvYS8mPcHtTtZONbkcqqUMzw9mJ/pImEBFET1JNifhqGsAQ==",
			"dependencies": {
				"@actions/core": "^1.9.1",
				"minimatch": "^3.0.4"
			}
		},
		"node_modules/@actions/http-client": {
			"version": "2.2.1",
			"resolved": "https://registry.npmjs.org/@actions/http-client/-/http-client-2.2.1.tgz",
			"integrity": "sha512-KhC/cZsq7f8I4LfZSJKgCvEwfkE8o1538VoBeoGzokVLLnbFDEAdFD3UhoMklxo2un9NJVBdANOresx7vTHlHw==",
			"dependencies": {
				"tunnel": "^0.0.6",
				"undici": "^5.25.4"
			}
		},
		"node_modules/@fastify/busboy": {
			"version": "2.1.1",
			"resolved": "https://registry.npmjs.org/@fastify/busboy/-/busboy-2.1.1.tgz",
			"integrity": "sha512-vBZP4NlzfOlerQTnba4aqZoMhE/a9HY7HRqoOPaETQcSQuWEIyZMHGfVu6w9wGtGK5fED5qRs2DteVCjOH60sA==",
			"engines": {
				"node": ">=14"
			}
		},
		"node_modules/@hugoalh/is-json": {
			"version": "1.0.2",
			"resolved": "https://registry.npmjs.org/@hugoalh/is-json/-/is-json-1.0.2.tgz",
			"integrity": "sha512-1BKDM501saLCgSk3fxrxdFeyuIfH0dO7DdmM7Rciz5K31DVMGK0n9t8X23OK4qDpaFPy8TZjUx6alxmMgjNsfA==",
			"dependencies": {
				"@hugoalh/is-object-plain": "1.0.3"
			},
			"engines": {
				"node": ">=16.13.0"
			}
		},
		"node_modules/@hugoalh/is-object-plain": {
			"version": "1.0.3",
			"resolved": "https://registry.npmjs.org/@hugoalh/is-object-plain/-/is-object-plain-1.0.3.tgz",
			"integrity": "sha512-Ht8JBj/7pbF4vy1f/utxVtL2xb2BsspaugLpNIx5Je/Xwwm0b2MsIf3k0VNF6gite+3Ao80Od0evU9THyu6WpQ==",
			"engines": {
				"node": ">=16.13.0"
			}
		},
		"node_modules/@hugoalh/string-dissect": {
			"version": "3.0.1",
			"resolved": "https://registry.npmjs.org/@hugoalh/string-dissect/-/string-dissect-3.0.1.tgz",
			"integrity": "sha512-O4WMoVmD/8H8F7NnNLyVvGtJMOTdwLEy5zZIoKNRUDJL74gvSDJ+ZezQ1OIT8vWPMMQRDprKZr5RrRlSTNwkDQ==",
			"dependencies": {
				"ansi-regex": "6.0.1",
				"url-regex-safe": "4.0.0"
			},
			"engines": {
				"node": ">=20.9.0"
			}
		},
		"node_modules/@hugoalh/string-overflow": {
			"version": "2.0.3",
			"resolved": "https://registry.npmjs.org/@hugoalh/string-overflow/-/string-overflow-2.0.3.tgz",
			"integrity": "sha512-95HjSD/q9sleTj7n7utsTvf9pRQr1yeHv7SqnLruDZ+D5Ksn/gOosvJcrdFms4OTlfb7CNBw5ye1y8pQmdPwYw==",
			"dependencies": {
				"@hugoalh/string-dissect": "3.0.1"
			},
			"engines": {
				"node": ">=20.9.0"
			}
		},
		"node_modules/@types/node": {
			"version": "20.14.9",
			"resolved": "https://registry.npmjs.org/@types/node/-/node-20.14.9.tgz",
			"integrity": "sha512-06OCtnTXtWOZBJlRApleWndH4JsRVs1pDCc8dLSQp+7PpUpX3ePdHyeNSFTeSe7FtKyQkrlPvHwJOW3SLd8Oyg==",
			"dev": true,
			"dependencies": {
				"undici-types": "~5.26.4"
			}
		},
		"node_modules/ansi-regex": {
			"version": "6.0.1",
			"resolved": "https://registry.npmjs.org/ansi-regex/-/ansi-regex-6.0.1.tgz",
			"integrity": "sha512-n5M855fKb2SsfMIiFFoVrABHJC8QtHwVx+mHWP3QcEqBHYienj5dHSgjbxtC0WEZXYt4wcD6zrQElDPhFuZgfA==",
			"engines": {
				"node": ">=12"
			},
			"funding": {
				"url": "https://github.com/chalk/ansi-regex?sponsor=1"
			}
		},
		"node_modules/balanced-match": {
			"version": "1.0.2",
			"resolved": "https://registry.npmjs.org/balanced-match/-/balanced-match-1.0.2.tgz",
			"integrity": "sha512-3oSeUO0TMV67hN1AmbXsK4yaqU7tjiHlbxRDZOpH0KW9+CeX4bRAaX0Anxt0tx2MrpRpWwQaPwIlISEJhYU5Pw=="
		},
		"node_modules/brace-expansion": {
			"version": "1.1.11",
			"resolved": "https://registry.npmjs.org/brace-expansion/-/brace-expansion-1.1.11.tgz",
			"integrity": "sha512-iCuPHDFgrHX7H2vEI/5xpz07zSHB00TpugqhmYtVmMO6518mCuRMoOYFldEBl0g187ufozdaHgWKcYFb61qGiA==",
			"dependencies": {
				"balanced-match": "^1.0.0",
				"concat-map": "0.0.1"
			}
		},
		"node_modules/color": {
			"version": "4.2.3",
			"resolved": "https://registry.npmjs.org/color/-/color-4.2.3.tgz",
			"integrity": "sha512-1rXeuUUiGGrykh+CeBdu5Ie7OJwinCgQY0bc7GCRxy5xVHy+moaqkpL/jqQq0MtQOeYcrqEz4abc5f0KtU7W4A==",
			"dependencies": {
				"color-convert": "^2.0.1",
				"color-string": "^1.9.0"
			},
			"engines": {
				"node": ">=12.5.0"
			}
		},
		"node_modules/color-convert": {
			"version": "2.0.1",
			"resolved": "https://registry.npmjs.org/color-convert/-/color-convert-2.0.1.tgz",
			"integrity": "sha512-RRECPsj7iu/xb5oKYcsFHSppFNnsj/52OVTRKb4zP5onXwVF3zVmmToNcOfGC+CRDpfK/U584fMg38ZHCaElKQ==",
			"dependencies": {
				"color-name": "~1.1.4"
			},
			"engines": {
				"node": ">=7.0.0"
			}
		},
		"node_modules/color-name": {
			"version": "1.1.4",
			"resolved": "https://registry.npmjs.org/color-name/-/color-name-1.1.4.tgz",
			"integrity": "sha512-dOy+3AuW3a2wNbZHIuMZpTcgjGuLU/uBL/ubcZF9OXbDo8ff4O8yVp5Bf0efS8uEoYo5q4Fx7dY9OgQGXgAsQA=="
		},
		"node_modules/color-name-list": {
			"version": "10.22.0",
			"resolved": "https://registry.npmjs.org/color-name-list/-/color-name-list-10.22.0.tgz",
			"integrity": "sha512-vE47W0SvgmCa39Ws8W4nb+CZ5Vqt5gfKIzehgsGBV1Ob/zan6z4SBm2aUq1ELdt4LWxWaVlJgOETno8GL8Wtyg==",
			"funding": [
				{
					"type": "ko-fi",
					"url": "https://ko-fi.com/colorparrot"
				},
				{
					"type": "github-sponsors",
					"url": "https://github.com/sponsors/meodai"
				}
			],
			"engines": {
				"node": ">=16",
				"npm": ">=8.11.0"
			}
		},
		"node_modules/color-string": {
			"version": "1.9.1",
			"resolved": "https://registry.npmjs.org/color-string/-/color-string-1.9.1.tgz",
			"integrity": "sha512-shrVawQFojnZv6xM40anx4CkoDP+fZsw/ZerEMsW/pyzsRbElpsL/DBVW7q3ExxwusdNXI3lXpuhEZkzs8p5Eg==",
			"dependencies": {
				"color-name": "^1.0.0",
				"simple-swizzle": "^0.2.2"
			}
		},
		"node_modules/concat-map": {
			"version": "0.0.1",
			"resolved": "https://registry.npmjs.org/concat-map/-/concat-map-0.0.1.tgz",
			"integrity": "sha512-/Srv4dswyQNBfohGpz9o6Yb3Gz3SrUDqBH5rTuhGR7ahtlbYKnVxw2bCFMRljaA7EXHaXZ8wsHdodFvbkhKmqg=="
		},
		"node_modules/ip-regex": {
			"version": "4.3.0",
			"resolved": "https://registry.npmjs.org/ip-regex/-/ip-regex-4.3.0.tgz",
			"integrity": "sha512-B9ZWJxHHOHUhUjCPrMpLD4xEq35bUTClHM1S6CBU5ixQnkZmwipwgc96vAd7AAGM9TGHvJR+Uss+/Ak6UphK+Q==",
			"engines": {
				"node": ">=8"
			}
		},
		"node_modules/is-arrayish": {
			"version": "0.3.2",
			"resolved": "https://registry.npmjs.org/is-arrayish/-/is-arrayish-0.3.2.tgz",
			"integrity": "sha512-eVRqCvVlZbuw3GrM63ovNSNAeA1K16kaR/LRY/92w0zxQ5/1YzwblUX652i4Xs9RwAGjW9d9y6X88t8OaAJfWQ=="
		},
		"node_modules/minimatch": {
			"version": "3.1.2",
			"resolved": "https://registry.npmjs.org/minimatch/-/minimatch-3.1.2.tgz",
			"integrity": "sha512-J7p63hRiAjw1NDEww1W7i37+ByIrOWO5XQQAzZ3VOcL0PNybwpfmV/N05zFAzwQ9USyEcX6t3UO+K5aqBQOIHw==",
			"dependencies": {
				"brace-expansion": "^1.1.7"
			},
			"engines": {
				"node": "*"
			}
		},
		"node_modules/simple-swizzle": {
			"version": "0.2.2",
			"resolved": "https://registry.npmjs.org/simple-swizzle/-/simple-swizzle-0.2.2.tgz",
			"integrity": "sha512-JA//kQgZtbuY83m+xT+tXJkmJncGMTFT+C+g2h2R9uxkYIrE2yy9sgmcLhCnw57/WSD+Eh3J97FPEDFnbXnDUg==",
			"dependencies": {
				"is-arrayish": "^0.3.1"
			}
		},
		"node_modules/tlds": {
			"version": "1.252.0",
			"resolved": "https://registry.npmjs.org/tlds/-/tlds-1.252.0.tgz",
			"integrity": "sha512-GA16+8HXvqtfEnw/DTcwB0UU354QE1n3+wh08oFjr6Znl7ZLAeUgYzCcK+/CCrOyE0vnHR8/pu3XXG3vDijXpQ==",
			"bin": {
				"tlds": "bin.js"
			}
		},
		"node_modules/tunnel": {
			"version": "0.0.6",
			"resolved": "https://registry.npmjs.org/tunnel/-/tunnel-0.0.6.tgz",
			"integrity": "sha512-1h/Lnq9yajKY2PEbBadPXj3VxsDDu844OnaAo52UVmIzIvwwtBPIuNvkjuzBlTWpfJyUbG3ez0KSBibQkj4ojg==",
			"engines": {
				"node": ">=0.6.11 <=0.7.0 || >=0.7.3"
			}
		},
		"node_modules/typescript": {
			"version": "5.4.5",
			"resolved": "https://registry.npmjs.org/typescript/-/typescript-5.4.5.tgz",
			"integrity": "sha512-vcI4UpRgg81oIRUFwR0WSIHKt11nJ7SAVlYNIu+QpqeyXP+gpQJy/Z4+F0aGxSE4MqwjyXvW/TzgkLAx2AGHwQ==",
			"dev": true,
			"bin": {
				"tsc": "bin/tsc",
				"tsserver": "bin/tsserver"
			},
			"engines": {
				"node": ">=14.17"
			}
		},
		"node_modules/undici": {
			"version": "5.28.4",
			"resolved": "https://registry.npmjs.org/undici/-/undici-5.28.4.tgz",
			"integrity": "sha512-72RFADWFqKmUb2hmmvNODKL3p9hcB6Gt2DOQMis1SEBaV6a4MH8soBvzg+95CYhCKPFedut2JY9bMfrDl9D23g==",
			"dependencies": {
				"@fastify/busboy": "^2.0.0"
			},
			"engines": {
				"node": ">=14.0"
			}
		},
		"node_modules/undici-types": {
			"version": "5.26.5",
			"resolved": "https://registry.npmjs.org/undici-types/-/undici-types-5.26.5.tgz",
			"integrity": "sha512-JlCMO+ehdEIKqlFxk6IfVoAUVmgz7cU7zD/h9XZ0qzeosSHmUJVOzSQvvYSYWXkFXC+IfLKSIffhv0sVZup6pA==",
			"dev": true
		},
		"node_modules/url-regex-safe": {
			"version": "4.0.0",
			"resolved": "https://registry.npmjs.org/url-regex-safe/-/url-regex-safe-4.0.0.tgz",
			"integrity": "sha512-BrnFCWKNFrFnRzKD66NtJqQepfJrUHNPvPxE5y5NSAhXBb4OlobQjt7907Jm4ItPiXaeX+dDWMkcnOd4jR9N8A==",
			"dependencies": {
				"ip-regex": "4.3.0",
				"tlds": "^1.242.0"
			},
			"engines": {
				"node": ">= 14"
			},
			"peerDependencies": {
				"re2": "^1.20.1"
			},
			"peerDependenciesMeta": {
				"re2": {
					"optional": true
				}
			}
		},
		"node_modules/uuid": {
			"version": "8.3.2",
			"resolved": "https://registry.npmjs.org/uuid/-/uuid-8.3.2.tgz",
			"integrity": "sha512-+NYs2QeMWy+GWFOEm9xnn6HCDp0l7QBD7ml8zLUmJ+93Q5NF0NocErnwkTkXVFNiX3/fpC6afS8Dhb/gz7R7eg==",
			"bin": {
				"uuid": "dist/bin/uuid"
			}
		},
		"node_modules/yaml": {
			"version": "2.4.2",
			"resolved": "https://registry.npmjs.org/yaml/-/yaml-2.4.2.tgz",
			"integrity": "sha512-B3VqDZ+JAg1nZpaEmWtTXUlBneoGx6CPM9b0TENK6aoSu5t73dItudwdgmi6tHlIZZId4dZ9skcAQ2UbcyAeVA==",
			"bin": {
				"yaml": "bin.mjs"
			},
			"engines": {
				"node": ">= 14"
			}
		}
	}
}
